
Microsoft Visual Studio Solution File, Format Version 12.00
# Visual Studio 2013
VisualStudioVersion = 12.0.31101.0
MinimumVisualStudioVersion = 10.0.40219.1
Project("{FAE04EC0-301F-11D3-BF4B-00C04F79EFBC}") = "DataModel", "DataModel\DataModel.csproj", "{F6A64258-CBD1-42F0-99D6-640B55FE7580}"
EndProject
Project("{FAE04EC0-301F-11D3-BF4B-00C04F79EFBC}") = "Level2Service", "Level2Service\Level2Service.csproj", "{53FF51F5-5670-43F2-9C44-822507781BA4}"
EndProject
Global
	GlobalSection(SolutionConfigurationPlatforms) = preSolution
		Debug|Any CPU = Debug|Any CPU
		Release|Any CPU = Release|Any CPU
	EndGlobalSection
	GlobalSection(ProjectConfigurationPlatforms) = postSolution
		{F6A64258-CBD1-42F0-99D6-640B55FE7580}.Debug|Any CPU.ActiveCfg = Debug|Any CPU
		{F6A64258-CBD1-42F0-99D6-640B55FE7580}.Debug|Any CPU.Build.0 = Debug|Any CPU
		{F6A64258-CBD1-42F0-99D6-640B55FE7580}.Release|Any CPU.ActiveCfg = Release|Any CPU
		{F6A64258-CBD1-42F0-99D6-640B55FE7580}.Release|Any CPU.Build.0 = Release|Any CPU
		{53FF51F5-5670-43F2-9C44-822507781BA4}.Debug|Any CPU.ActiveCfg = Debug|Any CPU
		{53FF51F5-5670-43F2-9C44-822507781BA4}.Debug|Any CPU.Build.0 = Debug|Any CPU
		{53FF51F5-5670-43F2-9C44-822507781BA4}.Release|Any CPU.ActiveCfg = Release|Any CPU
		{53FF51F5-5670-43F2-9C44-822507781BA4}.Release|Any CPU.Build.0 = Release|Any CPU
	EndGlobalSection
	GlobalSection(SolutionProperties) = preSolution
		HideSolutionNode = FALSE
	EndGlobalSection
EndGlobal
